
Microsoft Visual Studio Solution File, Format Version 12.00
# Visual Studio 15
VisualStudioVersion = 15.0.27130.2010
MinimumVisualStudioVersion = 10.0.40219.1
Project("{FAE04EC0-301F-11D3-BF4B-00C04F79EFBC}") = "WebAppTourist", "WebAppTourist\WebAppTourist.csproj", "{30939F84-6466-45AB-AA94-E2BC726491D8}"
EndProject
Global
	GlobalSection(SolutionConfigurationPlatforms) = preSolution
		Debug|Any CPU = Debug|Any CPU
		Release|Any CPU = Release|Any CPU
	EndGlobalSection
	GlobalSection(ProjectConfigurationPlatforms) = postSolution
		{30939F84-6466-45AB-AA94-E2BC726491D8}.Debug|Any CPU.ActiveCfg = Debug|Any CPU
		{30939F84-6466-45AB-AA94-E2BC726491D8}.Debug|Any CPU.Build.0 = Debug|Any CPU
		{30939F84-6466-45AB-AA94-E2BC726491D8}.Release|Any CPU.ActiveCfg = Release|Any CPU
		{30939F84-6466-45AB-AA94-E2BC726491D8}.Release|Any CPU.Build.0 = Release|Any CPU
	EndGlobalSection
	GlobalSection(SolutionProperties) = preSolution
		HideSolutionNode = FALSE
	EndGlobalSection
	GlobalSection(ExtensibilityGlobals) = postSolution
		SolutionGuid = {AF952166-4F8F-4E91-8F6D-D94C416658E0}
	EndGlobalSection
EndGlobal
